
Microsoft Visual Studio Solution File, Format Version 12.00
# Visual Studio Version 17
VisualStudioVersion = 17.9.34622.214
MinimumVisualStudioVersion = 10.0.40219.1
Project("{FAE04EC0-301F-11D3-BF4B-00C04F79EFBC}") = "AzureTesting", "AzureTesting\AzureTesting.csproj", "{5BFA686B-0340-43A6-837F-B92ADC3D5671}"
EndProject
Global
	GlobalSection(SolutionConfigurationPlatforms) = preSolution
		Debug|Any CPU = Debug|Any CPU
		Release|Any CPU = Release|Any CPU
	EndGlobalSection
	GlobalSection(ProjectConfigurationPlatforms) = postSolution
		{5BFA686B-0340-43A6-837F-B92ADC3D5671}.Debug|Any CPU.ActiveCfg = Debug|Any CPU
		{5BFA686B-0340-43A6-837F-B92ADC3D5671}.Debug|Any CPU.Build.0 = Debug|Any CPU
		{5BFA686B-0340-43A6-837F-B92ADC3D5671}.Release|Any CPU.ActiveCfg = Release|Any CPU
		{5BFA686B-0340-43A6-837F-B92ADC3D5671}.Release|Any CPU.Build.0 = Release|Any CPU
	EndGlobalSection
	GlobalSection(SolutionProperties) = preSolution
		HideSolutionNode = FALSE
	EndGlobalSection
	GlobalSection(ExtensibilityGlobals) = postSolution
		SolutionGuid = {56F835EC-9AE6-4AF5-AA75-A9E45E7A3310}
	EndGlobalSection
EndGlobal
